// !$*UTF8*$!
{
	archiveVersion = 1;
	classes = {
	};
	objectVersion = 50;
	objects = {

/* Begin PBXBuildFile section */
		3FB688E52BB3AE0A0040BA2C /* AppDelegate.swift in Sources */ = {isa = PBXBuildFile; fileRef = 3FB688E42BB3AE0A0040BA2C /* AppDelegate.swift */; };
		3FB688E72BB3AE0A0040BA2C /* SceneDelegate.swift in Sources */ = {isa = PBXBuildFile; fileRef = 3FB688E62BB3AE0A0040BA2C /* SceneDelegate.swift */; };
		3FB688E92BB3AE0B0040BA2C /* ViewController.swift in Sources */ = {isa = PBXBuildFile; fileRef = 3FB688E82BB3AE0B0040BA2C /* ViewController.swift */; };
		3FB688EC2BB3AE0C0040BA2C /* Main.storyboard in Resources */ = {isa = PBXBuildFile; fileRef = 3FB688EA2BB3AE0C0040BA2C /* Main.storyboard */; };
		3FB688EE2BB3AE0E0040BA2C /* Assets.xcassets in Resources */ = {isa = PBXBuildFile; fileRef = 3FB688ED2BB3AE0E0040BA2C /* Assets.xcassets */; };
		3FB688F12BB3AE0E0040BA2C /* LaunchScreen.storyboard in Resources */ = {isa = PBXBuildFile; fileRef = 3FB688EF2BB3AE0E0040BA2C /* LaunchScreen.storyboard */; };
/* End PBXBuildFile section */

/* Begin PBXFileReference section */
		3FB688E12BB3AE0A0040BA2C /* UITextField.app */ = {isa = PBXFileReference; explicitFileType = wrapper.application; includeInIndex = 0; path = UITextField.app; sourceTree = BUILT_PRODUCTS_DIR; };
		3FB688E42BB3AE0A0040BA2C /* AppDelegate.swift */ = {isa = PBXFileReference; lastKnownFileType = sourcecode.swift; path = AppDelegate.swift; sourceTree = "<group>"; };
		3FB688E62BB3AE0A0040BA2C /* SceneDelegate.swift */ = {isa = PBXFileReference; lastKnownFileType = sourcecode.swift; path = SceneDelegate.swift; sourceTree = "<group>"; };
		3FB688E82BB3AE0B0040BA2C /* ViewController.swift */ = {isa = PBXFileReference; lastKnownFileType = sourcecode.swift; path = ViewController.swift; sourceTree = "<group>"; };
		3FB688EB2BB3AE0C0040BA2C /* Base */ = {isa = PBXFileReference; lastKnownFileType = file.storyboard; name = Base; path = Base.lproj/Main.storyboard; sourceTree = "<group>"; };
		3FB688ED2BB3AE0E0040BA2C /* Assets.xcassets */ = {isa = PBXFileReference; lastKnownFileType = folder.assetcatalog; path = Assets.xcassets; sourceTree = "<group>"; };
		3FB688F02BB3AE0E0040BA2C /* Base */ = {isa = PBXFileReference; lastKnownFileType = file.storyboard; name = Base; path = Base.lproj/LaunchScreen.storyboard; sourceTree = "<group>"; };
		3FB688F22BB3AE0E0040BA2C /* Info.plist */ = {isa = PBXFileReference; lastKnownFileType = text.plist.xml; path = Info.plist; sourceTree = "<group>"; };
/* End PBXFileReference section */

/* Begin PBXFrameworksBuildPhase section */
		3FB688DE2BB3AE0A0040BA2C /* Frameworks */ = {
			isa = PBXFrameworksBuildPhase;
			buildActionMask = 2147483647;
			files = (
			);
			runOnlyForDeploymentPostprocessing = 0;
		};
/* End PBXFrameworksBuildPhase section */

/* Begin PBXGroup section */
		3FB688D82BB3AE0A0040BA2C = {
			isa = PBXGroup;
			children = (
				3FB688E32BB3AE0A0040BA2C /* UITextField */,
				3FB688E22BB3AE0A0040BA2C /* Products */,
			);
			sourceTree = "<group>";
		};
		3FB688E22BB3AE0A0040BA2C /* Products */ = {
			isa = PBXGroup;
			children = (
				3FB688E12BB3AE0A0040BA2C /* UITextField.app */,
			);
			name = Products;
			sourceTree = "<group>";
		};
		3FB688E32BB3AE0A0040BA2C /* UITextField */ = {
			isa = PBXGroup;
			children = (
				3FB688E42BB3AE0A0040BA2C /* AppDelegate.swift */,
				3FB688E62BB3AE0A0040BA2C /* SceneDelegate.swift */,
				3FB688E82BB3AE0B0040BA2C /* ViewController.swift */,
				3FB688EA2BB3AE0C0040BA2C /* Main.storyboard */,
				3FB688ED2BB3AE0E0040BA2C /* Assets.xcassets */,
				3FB688EF2BB3AE0E0040BA2C /* LaunchScreen.storyboard */,
				3FB688F22BB3AE0E0040BA2C /* Info.plist */,
			);
			path = UITextField;
			sourceTree = "<group>";
		};
/* End PBXGroup section */

/* Begin PBXNativeTarget section */
		3FB688E02BB3AE0A0040BA2C /* UITextField */ = {
			isa = PBXNativeTarget;
			buildConfigurationList = 3FB688F52BB3AE0E0040BA2C /* Build configuration list for PBXNativeTarget "UITextField" */;
			buildPhases = (
				3FB688DD2BB3AE0A0040BA2C /* Sources */,
				3FB688DE2BB3AE0A0040BA2C /* Frameworks */,
				3FB688DF2BB3AE0A0040BA2C /* Resources */,
			);
			buildRules = (
			);
			dependencies = (
			);
			name = UITextField;
			productName = UITextField;
			productReference = 3FB688E12BB3AE0A0040BA2C /* UITextField.app */;
			productType = "com.apple.product-type.application";
		};
/* End PBXNativeTarget section */

/* Begin PBXProject section */
		3FB688D92BB3AE0A0040BA2C /* Project object */ = {
			isa = PBXProject;
			attributes = {
				LastSwiftUpdateCheck = 1240;
				LastUpgradeCheck = 1240;
				TargetAttributes = {
					3FB688E02BB3AE0A0040BA2C = {
						CreatedOnToolsVersion = 12.4;
					};
				};
			};
			buildConfigurationList = 3FB688DC2BB3AE0A0040BA2C /* Build configuration list for PBXProject "UITextField" */;
			compatibilityVersion = "Xcode 9.3";
			developmentRegion = en;
			hasScannedForEncodings = 0;
			knownRegions = (
				en,
				Base,
			);
			mainGroup = 3FB688D82BB3AE0A0040BA2C;
			productRefGroup = 3FB688E22BB3AE0A0040BA2C /* Products */;
			projectDirPath = "";
			projectRoot = "";
			targets = (
				3FB688E02BB3AE0A0040BA2C /* UITextField */,
			);
		};
/* End PBXProject section */

/* Begin PBXResourcesBuildPhase section */
		3FB688DF2BB3AE0A0040BA2C /* Resources */ = {
			isa = PBXResourcesBuildPhase;
			buildActionMask = 2147483647;
			files = (
				3FB688F12BB3AE0E0040BA2C /* LaunchScreen.storyboard in Resources */,
				3FB688EE2BB3AE0E0040BA2C /* Assets.xcassets in Resources */,
				3FB688EC2BB3AE0C0040BA2C /* Main.storyboard in Resources */,
			);
			runOnlyForDeploymentPostprocessing = 0;
		};
/* End PBXResourcesBuildPhase section */

/* Begin PBXSourcesBuildPhase section */
		3FB688DD2BB3AE0A0040BA2C /* Sources */ = {
			isa = PBXSourcesBuildPhase;
			buildActionMask = 2147483647;
			files = (
				3FB688E92BB3AE0B0040BA2C /* ViewController.swift in Sources */,
				3FB688E52BB3AE0A0040BA2C /* AppDelegate.swift in Sources */,
				3FB688E72BB3AE0A0040BA2C /* SceneDelegate.swift in Sources */,
			);
			runOnlyForDeploymentPostprocessing = 0;
		};
/* End PBXSourcesBuildPhase section */

/* Begin PBXVariantGroup section */
		3FB688EA2BB3AE0C0040BA2C /* Main.storyboard */ = {
			isa = PBXVariantGroup;
			children = (
				3FB688EB2BB3AE0C0040BA2C /* Base */,
			);
			name = Main.storyboard;
			sourceTree = "<group>";
		};
		3FB688EF2BB3AE0E0040BA2C /* LaunchScreen.storyboard */ = {
			isa = PBXVariantGroup;
			children = (
				3FB688F02BB3AE0E0040BA2C /* Base */,
			);
			name = LaunchScreen.storyboard;
			sourceTree = "<group>";
		};
/* End PBXVariantGroup section */

/* Begin XCBuildConfiguration section */
		3FB688F32BB3AE0E0040BA2C /* Debug */ = {
			isa = XCBuildConfiguration;
			buildSettings = {
				ALWAYS_SEARCH_USER_PATHS = NO;
				CLANG_ANALYZER_NONNULL = YES;
				CLANG_ANALYZER_NUMBER_OBJECT_CONVERSION = YES_AGGRESSIVE;
				CLANG_CXX_LANGUAGE_STANDARD = "gnu++14";
				CLANG_CXX_LIBRARY = "libc++";
				CLANG_ENABLE_MODULES = YES;
				CLANG_ENABLE_OBJC_ARC = YES;
				CLANG_ENABLE_OBJC_WEAK = YES;
				CLANG_WARN_BLOCK_CAPTURE_AUTORELEASING = YES;
				CLANG_WARN_BOOL_CONVERSION = YES;
				CLANG_WARN_COMMA = YES;
				CLANG_WARN_CONSTANT_CONVERSION = YES;
				CLANG_WARN_DEPRECATED_OBJC_IMPLEMENTATIONS = YES;
				CLANG_WARN_DIRECT_OBJC_ISA_USAGE = YES_ERROR;
				CLANG_WARN_DOCUMENTATION_COMMENTS = YES;
				CLANG_WARN_EMPTY_BODY = YES;
				CLANG_WARN_ENUM_CONVERSION = YES;
				CLANG_WARN_INFINITE_RECURSION = YES;
				CLANG_WARN_INT_CONVERSION = YES;
				CLANG_WARN_NON_LITERAL_NULL_CONVERSION = YES;
				CLANG_WARN_OBJC_IMPLICIT_RETAIN_SELF = YES;
				CLANG_WARN_OBJC_LITERAL_CONVERSION = YES;
				CLANG_WARN_OBJC_ROOT_CLASS = YES_ERROR;
				CLANG_WARN_QUOTED_INCLUDE_IN_FRAMEWORK_HEADER = YES;
				CLANG_WARN_RANGE_LOOP_ANALYSIS = YES;
				CLANG_WARN_STRICT_PROTOTYPES = YES;
				CLANG_WARN_SUSPICIOUS_MOVE = YES;
				CLANG_WARN_UNGUARDED_AVAILABILITY = YES_AGGRESSIVE;
				CLANG_WARN_UNREACHABLE_CODE = YES;
				CLANG_WARN__DUPLICATE_METHOD_MATCH = YES;
				COPY_PHASE_STRIP = NO;
				DEBUG_INFORMATION_FORMAT = dwarf;
				ENABLE_STRICT_OBJC_MSGSEND = YES;
				ENABLE_TESTABILITY = YES;
				GCC_C_LANGUAGE_STANDARD = gnu11;
				GCC_DYNAMIC_NO_PIC = NO;
				GCC_NO_COMMON_BLOCKS = YES;
				GCC_OPTIMIZATION_LEVEL = 0;
				GCC_PREPROCESSOR_DEFINITIONS = (
					"DEBUG=1",
					"$(inherited)",
				);
				GCC_WARN_64_TO_32_BIT_CONVERSION = YES;
				GCC_WARN_ABOUT_RETURN_TYPE = YES_ERROR;
				GCC_WARN_UNDECLARED_SELECTOR = YES;
				GCC_WARN_UNINITIALIZED_AUTOS = YES_AGGRESSIVE;
				GCC_WARN_UNUSED_FUNCTION = YES;
				GCC_WARN_UNUSED_VARIABLE = YES;
				IPHONEOS_DEPLOYMENT_TARGET = 14.4;
				MTL_ENABLE_DEBUG_INFO = INCLUDE_SOURCE;
				MTL_FAST_MATH = YES;
				ONLY_ACTIVE_ARCH = YES;
				SDKROOT = iphoneos;
				SWIFT_ACTIVE_COMPILATION_CONDITIONS = DEBUG;
				SWIFT_OPTIMIZATION_LEVEL = "-Onone";
			};
			name = Debug;
		};
		3FB688F42BB3AE0E0040BA2C /* Release */ = {
			isa = XCBuildConfiguration;
			buildSettings = {
				ALWAYS_SEARCH_USER_PATHS = NO;
				CLANG_ANALYZER_NONNULL = YES;
				CLANG_ANALYZER_NUMBER_OBJECT_CONVERSION = YES_AGGRESSIVE;
				CLANG_CXX_LANGUAGE_STANDARD = "gnu++14";
				CLANG_CXX_LIBRARY = "libc++";
				CLANG_ENABLE_MODULES = YES;
				CLANG_ENABLE_OBJC_ARC = YES;
				CLANG_ENABLE_OBJC_WEAK = YES;
				CLANG_WARN_BLOCK_CAPTURE_AUTORELEASING = YES;
				CLANG_WARN_BOOL_CONVERSION = YES;
				CLANG_WARN_COMMA = YES;
				CLANG_WARN_CONSTANT_CONVERSION = YES;
				CLANG_WARN_DEPRECATED_OBJC_IMPLEMENTATIONS = YES;
				CLANG_WARN_DIRECT_OBJC_ISA_USAGE = YES_ERROR;
				CLANG_WARN_DOCUMENTATION_COMMENTS = YES;
				CLANG_WARN_EMPTY_BODY = YES;
				CLANG_WARN_ENUM_CONVERSION = YES;
				CLANG_WARN_INFINITE_RECURSION = YES;
				CLANG_WARN_INT_CONVERSION = YES;
				CLANG_WARN_NON_LITERAL_NULL_CONVERSION = YES;
				CLANG_WARN_OBJC_IMPLICIT_RETAIN_SELF = YES;
				CLANG_WARN_OBJC_LITERAL_CONVERSION = YES;
				CLANG_WARN_OBJC_ROOT_CLASS = YES_ERROR;
				CLANG_WARN_QUOTED_INCLUDE_IN_FRAMEWORK_HEADER = YES;
				CLANG_WARN_RANGE_LOOP_ANALYSIS = YES;
				CLANG_WARN_STRICT_PROTOTYPES = YES;
				CLANG_WARN_SUSPICIOUS_MOVE = YES;
				CLANG_WARN_UNGUARDED_AVAILABILITY = YES_AGGRESSIVE;
				CLANG_WARN_UNREACHABLE_CODE = YES;
				CLANG_WARN__DUPLICATE_METHOD_MATCH = YES;
				COPY_PHASE_STRIP = NO;
				DEBUG_INFORMATION_FORMAT = "dwarf-with-dsym";
				ENABLE_NS_ASSERTIONS = NO;
				ENABLE_STRICT_OBJC_MSGSEND = YES;
				GCC_C_LANGUAGE_STANDARD = gnu11;
				GCC_NO_COMMON_BLOCKS = YES;
				GCC_WARN_64_TO_32_BIT_CONVERSION = YES;
				GCC_WARN_ABOUT_RETURN_TYPE = YES_ERROR;
				GCC_WARN_UNDECLARED_SELECTOR = YES;
				GCC_WARN_UNINITIALIZED_AUTOS = YES_AGGRESSIVE;
				GCC_WARN_UNUSED_FUNCTION = YES;
				GCC_WARN_UNUSED_VARIABLE = YES;
				IPHONEOS_DEPLOYMENT_TARGET = 14.4;
				MTL_ENABLE_DEBUG_INFO = NO;
				MTL_FAST_MATH = YES;
				SDKROOT = iphoneos;
				SWIFT_COMPILATION_MODE = wholemodule;
				SWIFT_OPTIMIZATION_LEVEL = "-O";
				VALIDATE_PRODUCT = YES;
			};
			name = Release;
		};
		3FB688F62BB3AE0E0040BA2C /* Debug */ = {
			isa = XCBuildConfiguration;
			buildSettings = {
				ASSETCATALOG_COMPILER_APPICON_NAME = AppIcon;
				ASSETCATALOG_COMPILER_GLOBAL_ACCENT_COLOR_NAME = AccentColor;
				CODE_SIGN_STYLE = Automatic;
				INFOPLIST_FILE = UITextField/Info.plist;
				LD_RUNPATH_SEARCH_PATHS = (
					"$(inherited)",
					"@executable_path/Frameworks",
				);
				PRODUCT_BUNDLE_IDENTIFIER = QBHX.UITextField;
				PRODUCT_NAME = "$(TARGET_NAME)";
				SWIFT_VERSION = 5.0;
				TARGETED_DEVICE_FAMILY = "1,2";
			};
			name = Debug;
		};
		3FB688F72BB3AE0E0040BA2C /* Release */ = {
			isa = XCBuildConfiguration;
			buildSettings = {
				ASSETCATALOG_COMPILER_APPICON_NAME = AppIcon;
				ASSETCATALOG_COMPILER_GLOBAL_ACCENT_COLOR_NAME = AccentColor;
				CODE_SIGN_STYLE = Automatic;
				INFOPLIST_FILE = UITextField/Info.plist;
				LD_RUNPATH_SEARCH_PATHS = (
					"$(inherited)",
					"@executable_path/Frameworks",
				);
				PRODUCT_BUNDLE_IDENTIFIER = QBHX.UITextField;
				PRODUCT_NAME = "$(TARGET_NAME)";
				SWIFT_VERSION = 5.0;
				TARGETED_DEVICE_FAMILY = "1,2";
			};
			name = Release;
		};
/* End XCBuildConfiguration section */

/* Begin XCConfigurationList section */
		3FB688DC2BB3AE0A0040BA2C /* Build configuration list for PBXProject "UITextField" */ = {
			isa = XCConfigurationList;
			buildConfigurations = (
				3FB688F32BB3AE0E0040BA2C /* Debug */,
				3FB688F42BB3AE0E0040BA2C /* Release */,
			);
			defaultConfigurationIsVisible = 0;
			defaultConfigurationName = Release;
		};
		3FB688F52BB3AE0E0040BA2C /* Build configuration list for PBXNativeTarget "UITextField" */ = {
			isa = XCConfigurationList;
			buildConfigurations = (
				3FB688F62BB3AE0E0040BA2C /* Debug */,
				3FB688F72BB3AE0E0040BA2C /* Release */,
			);
			defaultConfigurationIsVisible = 0;
			defaultConfigurationName = Release;
		};
/* End XCConfigurationList section */
	};
	rootObject = 3FB688D92BB3AE0A0040BA2C /* Project object */;
}
